
Microsoft Visual Studio Solution File, Format Version 12.00
# Visual Studio Version 17
VisualStudioVersion = 17.2.32630.192
MinimumVisualStudioVersion = 10.0.40219.1
Project("{9A19103F-16F7-4668-BE54-9A1E7A4F7556}") = "Ycheba", "Ycheba\Ycheba.csproj", "{06A8526B-DCA6-4DDF-BF8B-A093FACE2B82}"
EndProject
Project("{9A19103F-16F7-4668-BE54-9A1E7A4F7556}") = "Anketa", "Anketa\Anketa.csproj", "{9F9F5ABE-DCCB-4D70-A63F-5E89C8617798}"
EndProject
Project("{9A19103F-16F7-4668-BE54-9A1E7A4F7556}") = "pictures", "pictures\pictures.csproj", "{AC974FE1-54AF-475C-B42C-62D71A2AC01D}"
EndProject
Project("{9A19103F-16F7-4668-BE54-9A1E7A4F7556}") = "permutation-of-variables", "permutation of variables\permutation-of-variables.csproj", "{AF4E6E4E-6602-4F37-842A-4447C93877EC}"
EndProject
Project("{9A19103F-16F7-4668-BE54-9A1E7A4F7556}") = "gold-and-gems", "gold-and-gems\gold-and-gems.csproj", "{29FF3C4D-1DB0-4C73-A34F-A8F46239DFE6}"
EndProject
Project("{9A19103F-16F7-4668-BE54-9A1E7A4F7556}") = "grandmas", "grandmas\grandmas.csproj", "{971A5E18-98F5-49E9-B6C0-7F2121D9B757}"
EndProject
Project("{9A19103F-16F7-4668-BE54-9A1E7A4F7556}") = "operator", "operator\operator.csproj", "{BF2B0ECA-8EEA-4A84-BAD0-53B2E3E85083}"
EndProject
Project("{9A19103F-16F7-4668-BE54-9A1E7A4F7556}") = "exit", "exit\exit.csproj", "{31A403AE-8A14-47AD-9B7F-59B35BA46F3E}"
EndProject
Project("{9A19103F-16F7-4668-BE54-9A1E7A4F7556}") = "sequence", "sequence\sequence.csproj", "{7CF45334-E44C-4392-B902-4058606B6275}"
EndProject
Project("{FAE04EC0-301F-11D3-BF4B-00C04F79EFBC}") = "random", "random\random.csproj", "{AA57980B-324B-4F5D-8A20-5E7F12F7B3AA}"
EndProject
Global
	GlobalSection(SolutionConfigurationPlatforms) = preSolution
		Debug|Any CPU = Debug|Any CPU
		Release|Any CPU = Release|Any CPU
	EndGlobalSection
	GlobalSection(ProjectConfigurationPlatforms) = postSolution
		{06A8526B-DCA6-4DDF-BF8B-A093FACE2B82}.Debug|Any CPU.ActiveCfg = Debug|Any CPU
		{06A8526B-DCA6-4DDF-BF8B-A093FACE2B82}.Debug|Any CPU.Build.0 = Debug|Any CPU
		{06A8526B-DCA6-4DDF-BF8B-A093FACE2B82}.Release|Any CPU.ActiveCfg = Release|Any CPU
		{06A8526B-DCA6-4DDF-BF8B-A093FACE2B82}.Release|Any CPU.Build.0 = Release|Any CPU
		{9F9F5ABE-DCCB-4D70-A63F-5E89C8617798}.Debug|Any CPU.ActiveCfg = Debug|Any CPU
		{9F9F5ABE-DCCB-4D70-A63F-5E89C8617798}.Debug|Any CPU.Build.0 = Debug|Any CPU
		{9F9F5ABE-DCCB-4D70-A63F-5E89C8617798}.Release|Any CPU.ActiveCfg = Release|Any CPU
		{9F9F5ABE-DCCB-4D70-A63F-5E89C8617798}.Release|Any CPU.Build.0 = Release|Any CPU
		{AC974FE1-54AF-475C-B42C-62D71A2AC01D}.Debug|Any CPU.ActiveCfg = Debug|Any CPU
		{AC974FE1-54AF-475C-B42C-62D71A2AC01D}.Debug|Any CPU.Build.0 = Debug|Any CPU
		{AC974FE1-54AF-475C-B42C-62D71A2AC01D}.Release|Any CPU.ActiveCfg = Release|Any CPU
		{AC974FE1-54AF-475C-B42C-62D71A2AC01D}.Release|Any CPU.Build.0 = Release|Any CPU
		{AF4E6E4E-6602-4F37-842A-4447C93877EC}.Debug|Any CPU.ActiveCfg = Debug|Any CPU
		{AF4E6E4E-6602-4F37-842A-4447C93877EC}.Debug|Any CPU.Build.0 = Debug|Any CPU
		{AF4E6E4E-6602-4F37-842A-4447C93877EC}.Release|Any CPU.ActiveCfg = Release|Any CPU
		{AF4E6E4E-6602-4F37-842A-4447C93877EC}.Release|Any CPU.Build.0 = Release|Any CPU
		{29FF3C4D-1DB0-4C73-A34F-A8F46239DFE6}.Debug|Any CPU.ActiveCfg = Debug|Any CPU
		{29FF3C4D-1DB0-4C73-A34F-A8F46239DFE6}.Debug|Any CPU.Build.0 = Debug|Any CPU
		{29FF3C4D-1DB0-4C73-A34F-A8F46239DFE6}.Release|Any CPU.ActiveCfg = Release|Any CPU
		{29FF3C4D-1DB0-4C73-A34F-A8F46239DFE6}.Release|Any CPU.Build.0 = Release|Any CPU
		{971A5E18-98F5-49E9-B6C0-7F2121D9B757}.Debug|Any CPU.ActiveCfg = Debug|Any CPU
		{971A5E18-98F5-49E9-B6C0-7F2121D9B757}.Debug|Any CPU.Build.0 = Debug|Any CPU
		{971A5E18-98F5-49E9-B6C0-7F2121D9B757}.Release|Any CPU.ActiveCfg = Release|Any CPU
		{971A5E18-98F5-49E9-B6C0-7F2121D9B757}.Release|Any CPU.Build.0 = Release|Any CPU
		{BF2B0ECA-8EEA-4A84-BAD0-53B2E3E85083}.Debug|Any CPU.ActiveCfg = Debug|Any CPU
		{BF2B0ECA-8EEA-4A84-BAD0-53B2E3E85083}.Debug|Any CPU.Build.0 = Debug|Any CPU
		{BF2B0ECA-8EEA-4A84-BAD0-53B2E3E85083}.Release|Any CPU.ActiveCfg = Release|Any CPU
		{BF2B0ECA-8EEA-4A84-BAD0-53B2E3E85083}.Release|Any CPU.Build.0 = Release|Any CPU
		{31A403AE-8A14-47AD-9B7F-59B35BA46F3E}.Debug|Any CPU.ActiveCfg = Debug|Any CPU
		{31A403AE-8A14-47AD-9B7F-59B35BA46F3E}.Debug|Any CPU.Build.0 = Debug|Any CPU
		{31A403AE-8A14-47AD-9B7F-59B35BA46F3E}.Release|Any CPU.ActiveCfg = Release|Any CPU
		{31A403AE-8A14-47AD-9B7F-59B35BA46F3E}.Release|Any CPU.Build.0 = Release|Any CPU
		{7CF45334-E44C-4392-B902-4058606B6275}.Debug|Any CPU.ActiveCfg = Debug|Any CPU
		{7CF45334-E44C-4392-B902-4058606B6275}.Debug|Any CPU.Build.0 = Debug|Any CPU
		{7CF45334-E44C-4392-B902-4058606B6275}.Release|Any CPU.ActiveCfg = Release|Any CPU
		{7CF45334-E44C-4392-B902-4058606B6275}.Release|Any CPU.Build.0 = Release|Any CPU
		{AA57980B-324B-4F5D-8A20-5E7F12F7B3AA}.Debug|Any CPU.ActiveCfg = Debug|Any CPU
		{AA57980B-324B-4F5D-8A20-5E7F12F7B3AA}.Debug|Any CPU.Build.0 = Debug|Any CPU
		{AA57980B-324B-4F5D-8A20-5E7F12F7B3AA}.Release|Any CPU.ActiveCfg = Release|Any CPU
		{AA57980B-324B-4F5D-8A20-5E7F12F7B3AA}.Release|Any CPU.Build.0 = Release|Any CPU
	EndGlobalSection
	GlobalSection(SolutionProperties) = preSolution
		HideSolutionNode = FALSE
	EndGlobalSection
	GlobalSection(ExtensibilityGlobals) = postSolution
		SolutionGuid = {DFE7A102-6471-45AD-AE0E-6A90E675A616}
	EndGlobalSection
EndGlobal
